
Microsoft Visual Studio Solution File, Format Version 12.00
# Visual Studio Version 16
VisualStudioVersion = 16.0.30204.135
MinimumVisualStudioVersion = 10.0.40219.1
Project("{9A19103F-16F7-4668-BE54-9A1E7A4F7556}") = "XsollaService", "XsollaService.csproj", "{9753FE55-B46B-400A-BA51-B23A81416638}"
EndProject
Project("{FAE04EC0-301F-11D3-BF4B-00C04F79EFBC}") = "UnitTestProject", "..\UnitTestProject\UnitTestProject.csproj", "{8FF1AAE1-E064-4FC0-9BFF-82AA142B52CD}"
EndProject
Project("{E53339B2-1760-4266-BCC7-CA923CBCF16C}") = "docker-compose", "docker-compose.dcproj", "{C6BBFD3C-1E07-493C-A0A3-C17F7CA677AF}"
EndProject
Global
	GlobalSection(SolutionConfigurationPlatforms) = preSolution
		Debug|Any CPU = Debug|Any CPU
		Release|Any CPU = Release|Any CPU
	EndGlobalSection
	GlobalSection(ProjectConfigurationPlatforms) = postSolution
		{9753FE55-B46B-400A-BA51-B23A81416638}.Debug|Any CPU.ActiveCfg = Debug|Any CPU
		{9753FE55-B46B-400A-BA51-B23A81416638}.Debug|Any CPU.Build.0 = Debug|Any CPU
		{9753FE55-B46B-400A-BA51-B23A81416638}.Release|Any CPU.ActiveCfg = Release|Any CPU
		{9753FE55-B46B-400A-BA51-B23A81416638}.Release|Any CPU.Build.0 = Release|Any CPU
		{8FF1AAE1-E064-4FC0-9BFF-82AA142B52CD}.Debug|Any CPU.ActiveCfg = Debug|Any CPU
		{8FF1AAE1-E064-4FC0-9BFF-82AA142B52CD}.Debug|Any CPU.Build.0 = Debug|Any CPU
		{8FF1AAE1-E064-4FC0-9BFF-82AA142B52CD}.Release|Any CPU.ActiveCfg = Release|Any CPU
		{8FF1AAE1-E064-4FC0-9BFF-82AA142B52CD}.Release|Any CPU.Build.0 = Release|Any CPU
		{C6BBFD3C-1E07-493C-A0A3-C17F7CA677AF}.Debug|Any CPU.ActiveCfg = Debug|Any CPU
		{C6BBFD3C-1E07-493C-A0A3-C17F7CA677AF}.Debug|Any CPU.Build.0 = Debug|Any CPU
		{C6BBFD3C-1E07-493C-A0A3-C17F7CA677AF}.Release|Any CPU.ActiveCfg = Release|Any CPU
		{C6BBFD3C-1E07-493C-A0A3-C17F7CA677AF}.Release|Any CPU.Build.0 = Release|Any CPU
	EndGlobalSection
	GlobalSection(SolutionProperties) = preSolution
		HideSolutionNode = FALSE
	EndGlobalSection
	GlobalSection(ExtensibilityGlobals) = postSolution
		SolutionGuid = {ABDA5451-B590-4E4D-961F-B44CBF22FD7C}
	EndGlobalSection
EndGlobal
